
Microsoft Visual Studio Solution File, Format Version 12.00
# Visual Studio Version 17
VisualStudioVersion = 17.1.32421.90
MinimumVisualStudioVersion = 10.0.40219.1
Project("{FAE04EC0-301F-11D3-BF4B-00C04F79EFBC}") = "anbardari", "anbardari\anbardari.csproj", "{C6CA15A7-762C-4176-B1D9-816B4A60EF6F}"
	ProjectSection(ProjectDependencies) = postProject
		{32F8D2A6-4C88-4CDE-B184-376BECB03518} = {32F8D2A6-4C88-4CDE-B184-376BECB03518}
	EndProjectSection
EndProject
Project("{FAE04EC0-301F-11D3-BF4B-00C04F79EFBC}") = "datamodel", "datamodel\datamodel.csproj", "{32F8D2A6-4C88-4CDE-B184-376BECB03518}"
EndProject
Global
	GlobalSection(SolutionConfigurationPlatforms) = preSolution
		Debug|Any CPU = Debug|Any CPU
		Release|Any CPU = Release|Any CPU
	EndGlobalSection
	GlobalSection(ProjectConfigurationPlatforms) = postSolution
		{C6CA15A7-762C-4176-B1D9-816B4A60EF6F}.Debug|Any CPU.ActiveCfg = Debug|Any CPU
		{C6CA15A7-762C-4176-B1D9-816B4A60EF6F}.Debug|Any CPU.Build.0 = Debug|Any CPU
		{C6CA15A7-762C-4176-B1D9-816B4A60EF6F}.Release|Any CPU.ActiveCfg = Release|Any CPU
		{C6CA15A7-762C-4176-B1D9-816B4A60EF6F}.Release|Any CPU.Build.0 = Release|Any CPU
		{32F8D2A6-4C88-4CDE-B184-376BECB03518}.Debug|Any CPU.ActiveCfg = Debug|Any CPU
		{32F8D2A6-4C88-4CDE-B184-376BECB03518}.Debug|Any CPU.Build.0 = Debug|Any CPU
		{32F8D2A6-4C88-4CDE-B184-376BECB03518}.Release|Any CPU.ActiveCfg = Release|Any CPU
		{32F8D2A6-4C88-4CDE-B184-376BECB03518}.Release|Any CPU.Build.0 = Release|Any CPU
	EndGlobalSection
	GlobalSection(SolutionProperties) = preSolution
		HideSolutionNode = FALSE
	EndGlobalSection
	GlobalSection(ExtensibilityGlobals) = postSolution
		SolutionGuid = {7CDF0D7C-F26E-4816-B9EA-3D3D7854678F}
	EndGlobalSection
EndGlobal
